
Microsoft Visual Studio Solution File, Format Version 12.00
# Visual Studio Version 17
VisualStudioVersion = 17.4.33213.308
MinimumVisualStudioVersion = 10.0.40219.1
Project("{FAE04EC0-301F-11D3-BF4B-00C04F79EFBC}") = "KG-SCP-SL", "KG-SCP-SL\KG-SCP-SL.csproj", "{ACC7CAA5-37D6-4171-A9E7-059B4DF48003}"
EndProject
Global
	GlobalSection(SolutionConfigurationPlatforms) = preSolution
		Debug|Any CPU = Debug|Any CPU
		Release|Any CPU = Release|Any CPU
	EndGlobalSection
	GlobalSection(ProjectConfigurationPlatforms) = postSolution
		{ACC7CAA5-37D6-4171-A9E7-059B4DF48003}.Debug|Any CPU.ActiveCfg = Debug|Any CPU
		{ACC7CAA5-37D6-4171-A9E7-059B4DF48003}.Debug|Any CPU.Build.0 = Debug|Any CPU
		{ACC7CAA5-37D6-4171-A9E7-059B4DF48003}.Release|Any CPU.ActiveCfg = Release|Any CPU
		{ACC7CAA5-37D6-4171-A9E7-059B4DF48003}.Release|Any CPU.Build.0 = Release|Any CPU
	EndGlobalSection
	GlobalSection(SolutionProperties) = preSolution
		HideSolutionNode = FALSE
	EndGlobalSection
	GlobalSection(ExtensibilityGlobals) = postSolution
		SolutionGuid = {0EE7D2A1-9DB7-4FDF-9EDF-1FA46F807C51}
	EndGlobalSection
EndGlobal
